// !$*UTF8*$!
{
	archiveVersion = 1;
	classes = {
	};
	objectVersion = 46;
	objects = {

/* Begin PBXBuildFile section */
		D5EA65E31AA4280200F2F5F0 /* main.m in Sources */ = {isa = PBXBuildFile; fileRef = D5EA65E21AA4280200F2F5F0 /* main.m */; };
		D5EA65E61AA4280200F2F5F0 /* AppDelegate.m in Sources */ = {isa = PBXBuildFile; fileRef = D5EA65E51AA4280200F2F5F0 /* AppDelegate.m */; };
		D5EA65E91AA4280200F2F5F0 /* ViewController.m in Sources */ = {isa = PBXBuildFile; fileRef = D5EA65E81AA4280200F2F5F0 /* ViewController.m */; };
		D5EA65EC1AA4280200F2F5F0 /* Main.storyboard in Resources */ = {isa = PBXBuildFile; fileRef = D5EA65EA1AA4280200F2F5F0 /* Main.storyboard */; };
		D5EA65EE1AA4280200F2F5F0 /* Images.xcassets in Resources */ = {isa = PBXBuildFile; fileRef = D5EA65ED1AA4280200F2F5F0 /* Images.xcassets */; };
		D5EA65F11AA4280200F2F5F0 /* LaunchScreen.xib in Resources */ = {isa = PBXBuildFile; fileRef = D5EA65EF1AA4280200F2F5F0 /* LaunchScreen.xib */; };
		D5EA65FD1AA4280200F2F5F0 /* TwitterSearchTests.m in Sources */ = {isa = PBXBuildFile; fileRef = D5EA65FC1AA4280200F2F5F0 /* TwitterSearchTests.m */; };
		D5EA66081AA428DD00F2F5F0 /* LoginViewController.m in Sources */ = {isa = PBXBuildFile; fileRef = D5EA66071AA428DD00F2F5F0 /* LoginViewController.m */; };
		D5EA660B1AA42BCC00F2F5F0 /* loginTwitter.png in Resources */ = {isa = PBXBuildFile; fileRef = D5EA660A1AA42BCC00F2F5F0 /* loginTwitter.png */; };
		D5EA660D1AA42C6900F2F5F0 /* Accounts.framework in Frameworks */ = {isa = PBXBuildFile; fileRef = D5EA660C1AA42C6900F2F5F0 /* Accounts.framework */; };
		D5EA660F1AA42C7800F2F5F0 /* Social.framework in Frameworks */ = {isa = PBXBuildFile; fileRef = D5EA660E1AA42C7800F2F5F0 /* Social.framework */; };
		D5EA66111AA42C8600F2F5F0 /* QuartzCore.framework in Frameworks */ = {isa = PBXBuildFile; fileRef = D5EA66101AA42C8600F2F5F0 /* QuartzCore.framework */; };
		D5EA66131AA42C9C00F2F5F0 /* CoreGraphics.framework in Frameworks */ = {isa = PBXBuildFile; fileRef = D5EA66121AA42C9C00F2F5F0 /* CoreGraphics.framework */; };
		D5EA66151AA42CCD00F2F5F0 /* Default-568h@2x.png in Resources */ = {isa = PBXBuildFile; fileRef = D5EA66141AA42CCD00F2F5F0 /* Default-568h@2x.png */; };
		D5EA67671AA42E8800F2F5F0 /* AdSupport.framework in Frameworks */ = {isa = PBXBuildFile; fileRef = D5EA67661AA42E8800F2F5F0 /* AdSupport.framework */; };
		D5EA67691AA42E8E00F2F5F0 /* CoreLocation.framework in Frameworks */ = {isa = PBXBuildFile; fileRef = D5EA67681AA42E8E00F2F5F0 /* CoreLocation.framework */; };
		D5EA676B1AA42E9400F2F5F0 /* CoreTelephony.framework in Frameworks */ = {isa = PBXBuildFile; fileRef = D5EA676A1AA42E9400F2F5F0 /* CoreTelephony.framework */; };
		D5EA676E1AA42E9900F2F5F0 /* EventKit.framework in Frameworks */ = {isa = PBXBuildFile; fileRef = D5EA676C1AA42E9900F2F5F0 /* EventKit.framework */; };
		D5EA676F1AA42E9900F2F5F0 /* EventKitUI.framework in Frameworks */ = {isa = PBXBuildFile; fileRef = D5EA676D1AA42E9900F2F5F0 /* EventKitUI.framework */; };
		D5EA67711AA42E9E00F2F5F0 /* Foundation.framework in Frameworks */ = {isa = PBXBuildFile; fileRef = D5EA67701AA42E9E00F2F5F0 /* Foundation.framework */; };
		D5EA67731AA42EA400F2F5F0 /* MediaPlayer.framework in Frameworks */ = {isa = PBXBuildFile; fileRef = D5EA67721AA42EA400F2F5F0 /* MediaPlayer.framework */; };
		D5EA67751AA42EAA00F2F5F0 /* StoreKit.framework in Frameworks */ = {isa = PBXBuildFile; fileRef = D5EA67741AA42EAA00F2F5F0 /* StoreKit.framework */; };
		D5EA67771AA42EB100F2F5F0 /* SystemConfiguration.framework in Frameworks */ = {isa = PBXBuildFile; fileRef = D5EA67761AA42EB100F2F5F0 /* SystemConfiguration.framework */; };
		D5EA67791AA42EB600F2F5F0 /* UIKit.framework in Frameworks */ = {isa = PBXBuildFile; fileRef = D5EA67781AA42EB600F2F5F0 /* UIKit.framework */; };
		D5EA67801AA4364000F2F5F0 /* TwitterKit.framework in Frameworks */ = {isa = PBXBuildFile; fileRef = D5EA677D1AA4363F00F2F5F0 /* TwitterKit.framework */; };
		D5EA67811AA4364000F2F5F0 /* TwitterKitResources.bundle in Resources */ = {isa = PBXBuildFile; fileRef = D5EA677E1AA4363F00F2F5F0 /* TwitterKitResources.bundle */; };
		D5EA67821AA4364000F2F5F0 /* Fabric.framework in Frameworks */ = {isa = PBXBuildFile; fileRef = D5EA677F1AA4364000F2F5F0 /* Fabric.framework */; };
		D5EA67851AA43D5000F2F5F0 /* TextFieldViewController.m in Sources */ = {isa = PBXBuildFile; fileRef = D5EA67841AA43D5000F2F5F0 /* TextFieldViewController.m */; };
		D5EA67881AA44BC600F2F5F0 /* ListViewController.m in Sources */ = {isa = PBXBuildFile; fileRef = D5EA67871AA44BC600F2F5F0 /* ListViewController.m */; };
		D5EA678A1AA44C1500F2F5F0 /* back_12.png in Resources */ = {isa = PBXBuildFile; fileRef = D5EA67891AA44C1500F2F5F0 /* back_12.png */; };
/* End PBXBuildFile section */

/* Begin PBXContainerItemProxy section */
		D5EA65F71AA4280200F2F5F0 /* PBXContainerItemProxy */ = {
			isa = PBXContainerItemProxy;
			containerPortal = D5EA65D51AA4280200F2F5F0 /* Project object */;
			proxyType = 1;
			remoteGlobalIDString = D5EA65DC1AA4280200F2F5F0;
			remoteInfo = TwitterSearch;
		};
/* End PBXContainerItemProxy section */

/* Begin PBXFileReference section */
		D5EA65DD1AA4280200F2F5F0 /* TwitterSearch.app */ = {isa = PBXFileReference; explicitFileType = wrapper.application; includeInIndex = 0; path = TwitterSearch.app; sourceTree = BUILT_PRODUCTS_DIR; };
		D5EA65E11AA4280200F2F5F0 /* Info.plist */ = {isa = PBXFileReference; lastKnownFileType = text.plist.xml; path = Info.plist; sourceTree = "<group>"; };
		D5EA65E21AA4280200F2F5F0 /* main.m */ = {isa = PBXFileReference; lastKnownFileType = sourcecode.c.objc; path = main.m; sourceTree = "<group>"; };
		D5EA65E41AA4280200F2F5F0 /* AppDelegate.h */ = {isa = PBXFileReference; lastKnownFileType = sourcecode.c.h; path = AppDelegate.h; sourceTree = "<group>"; };
		D5EA65E51AA4280200F2F5F0 /* AppDelegate.m */ = {isa = PBXFileReference; lastKnownFileType = sourcecode.c.objc; path = AppDelegate.m; sourceTree = "<group>"; };
		D5EA65E71AA4280200F2F5F0 /* ViewController.h */ = {isa = PBXFileReference; lastKnownFileType = sourcecode.c.h; path = ViewController.h; sourceTree = "<group>"; };
		D5EA65E81AA4280200F2F5F0 /* ViewController.m */ = {isa = PBXFileReference; lastKnownFileType = sourcecode.c.objc; path = ViewController.m; sourceTree = "<group>"; };
		D5EA65EB1AA4280200F2F5F0 /* Base */ = {isa = PBXFileReference; lastKnownFileType = file.storyboard; name = Base; path = Base.lproj/Main.storyboard; sourceTree = "<group>"; };
		D5EA65ED1AA4280200F2F5F0 /* Images.xcassets */ = {isa = PBXFileReference; lastKnownFileType = folder.assetcatalog; path = Images.xcassets; sourceTree = "<group>"; };
		D5EA65F01AA4280200F2F5F0 /* Base */ = {isa = PBXFileReference; lastKnownFileType = file.xib; name = Base; path = Base.lproj/LaunchScreen.xib; sourceTree = "<group>"; };
		D5EA65F61AA4280200F2F5F0 /* TwitterSearchTests.xctest */ = {isa = PBXFileReference; explicitFileType = wrapper.cfbundle; includeInIndex = 0; path = TwitterSearchTests.xctest; sourceTree = BUILT_PRODUCTS_DIR; };
		D5EA65FB1AA4280200F2F5F0 /* Info.plist */ = {isa = PBXFileReference; lastKnownFileType = text.plist.xml; path = Info.plist; sourceTree = "<group>"; };
		D5EA65FC1AA4280200F2F5F0 /* TwitterSearchTests.m */ = {isa = PBXFileReference; lastKnownFileType = sourcecode.c.objc; path = TwitterSearchTests.m; sourceTree = "<group>"; };
		D5EA66061AA428DD00F2F5F0 /* LoginViewController.h */ = {isa = PBXFileReference; fileEncoding = 4; lastKnownFileType = sourcecode.c.h; path = LoginViewController.h; sourceTree = "<group>"; };
		D5EA66071AA428DD00F2F5F0 /* LoginViewController.m */ = {isa = PBXFileReference; fileEncoding = 4; lastKnownFileType = sourcecode.c.objc; path = LoginViewController.m; sourceTree = "<group>"; };
		D5EA660A1AA42BCC00F2F5F0 /* loginTwitter.png */ = {isa = PBXFileReference; lastKnownFileType = image.png; path = loginTwitter.png; sourceTree = "<group>"; };
		D5EA660C1AA42C6900F2F5F0 /* Accounts.framework */ = {isa = PBXFileReference; lastKnownFileType = wrapper.framework; name = Accounts.framework; path = System/Library/Frameworks/Accounts.framework; sourceTree = SDKROOT; };
		D5EA660E1AA42C7800F2F5F0 /* Social.framework */ = {isa = PBXFileReference; lastKnownFileType = wrapper.framework; name = Social.framework; path = System/Library/Frameworks/Social.framework; sourceTree = SDKROOT; };
		D5EA66101AA42C8600F2F5F0 /* QuartzCore.framework */ = {isa = PBXFileReference; lastKnownFileType = wrapper.framework; name = QuartzCore.framework; path = System/Library/Frameworks/QuartzCore.framework; sourceTree = SDKROOT; };
		D5EA66121AA42C9C00F2F5F0 /* CoreGraphics.framework */ = {isa = PBXFileReference; lastKnownFileType = wrapper.framework; name = CoreGraphics.framework; path = System/Library/Frameworks/CoreGraphics.framework; sourceTree = SDKROOT; };
		D5EA66141AA42CCD00F2F5F0 /* Default-568h@2x.png */ = {isa = PBXFileReference; lastKnownFileType = image.png; path = "Default-568h@2x.png"; sourceTree = "<group>"; };
		D5EA67661AA42E8800F2F5F0 /* AdSupport.framework */ = {isa = PBXFileReference; lastKnownFileType = wrapper.framework; name = AdSupport.framework; path = System/Library/Frameworks/AdSupport.framework; sourceTree = SDKROOT; };
		D5EA67681AA42E8E00F2F5F0 /* CoreLocation.framework */ = {isa = PBXFileReference; lastKnownFileType = wrapper.framework; name = CoreLocation.framework; path = System/Library/Frameworks/CoreLocation.framework; sourceTree = SDKROOT; };
		D5EA676A1AA42E9400F2F5F0 /* CoreTelephony.framework */ = {isa = PBXFileReference; lastKnownFileType = wrapper.framework; name = CoreTelephony.framework; path = System/Library/Frameworks/CoreTelephony.framework; sourceTree = SDKROOT; };
		D5EA676C1AA42E9900F2F5F0 /* EventKit.framework */ = {isa = PBXFileReference; lastKnownFileType = wrapper.framework; name = EventKit.framework; path = System/Library/Frameworks/EventKit.framework; sourceTree = SDKROOT; };
		D5EA676D1AA42E9900F2F5F0 /* EventKitUI.framework */ = {isa = PBXFileReference; lastKnownFileType = wrapper.framework; name = EventKitUI.framework; path = System/Library/Frameworks/EventKitUI.framework; sourceTree = SDKROOT; };
		D5EA67701AA42E9E00F2F5F0 /* Foundation.framework */ = {isa = PBXFileReference; lastKnownFileType = wrapper.framework; name = Foundation.framework; path = System/Library/Frameworks/Foundation.framework; sourceTree = SDKROOT; };
		D5EA67721AA42EA400F2F5F0 /* MediaPlayer.framework */ = {isa = PBXFileReference; lastKnownFileType = wrapper.framework; name = MediaPlayer.framework; path = System/Library/Frameworks/MediaPlayer.framework; sourceTree = SDKROOT; };
		D5EA67741AA42EAA00F2F5F0 /* StoreKit.framework */ = {isa = PBXFileReference; lastKnownFileType = wrapper.framework; name = StoreKit.framework; path = System/Library/Frameworks/StoreKit.framework; sourceTree = SDKROOT; };
		D5EA67761AA42EB100F2F5F0 /* SystemConfiguration.framework */ = {isa = PBXFileReference; lastKnownFileType = wrapper.framework; name = SystemConfiguration.framework; path = System/Library/Frameworks/SystemConfiguration.framework; sourceTree = SDKROOT; };
		D5EA67781AA42EB600F2F5F0 /* UIKit.framework */ = {isa = PBXFileReference; lastKnownFileType = wrapper.framework; name = UIKit.framework; path = System/Library/Frameworks/UIKit.framework; sourceTree = SDKROOT; };
		D5EA677D1AA4363F00F2F5F0 /* TwitterKit.framework */ = {isa = PBXFileReference; lastKnownFileType = wrapper.framework; path = TwitterKit.framework; sourceTree = "<group>"; };
		D5EA677E1AA4363F00F2F5F0 /* TwitterKitResources.bundle */ = {isa = PBXFileReference; lastKnownFileType = "wrapper.plug-in"; name = TwitterKitResources.bundle; path = TwitterKit.framework/Versions/A/Resources/TwitterKitResources.bundle; sourceTree = "<group>"; };
		D5EA677F1AA4364000F2F5F0 /* Fabric.framework */ = {isa = PBXFileReference; lastKnownFileType = wrapper.framework; path = Fabric.framework; sourceTree = "<group>"; };
		D5EA67831AA43D5000F2F5F0 /* TextFieldViewController.h */ = {isa = PBXFileReference; fileEncoding = 4; lastKnownFileType = sourcecode.c.h; path = TextFieldViewController.h; sourceTree = "<group>"; };
		D5EA67841AA43D5000F2F5F0 /* TextFieldViewController.m */ = {isa = PBXFileReference; fileEncoding = 4; lastKnownFileType = sourcecode.c.objc; path = TextFieldViewController.m; sourceTree = "<group>"; };
		D5EA67861AA44BC600F2F5F0 /* ListViewController.h */ = {isa = PBXFileReference; fileEncoding = 4; lastKnownFileType = sourcecode.c.h; path = ListViewController.h; sourceTree = "<group>"; };
		D5EA67871AA44BC600F2F5F0 /* ListViewController.m */ = {isa = PBXFileReference; fileEncoding = 4; lastKnownFileType = sourcecode.c.objc; path = ListViewController.m; sourceTree = "<group>"; };
		D5EA67891AA44C1500F2F5F0 /* back_12.png */ = {isa = PBXFileReference; lastKnownFileType = image.png; path = back_12.png; sourceTree = "<group>"; };
/* End PBXFileReference section */

/* Begin PBXFrameworksBuildPhase section */
		D5EA65DA1AA4280200F2F5F0 /* Frameworks */ = {
			isa = PBXFrameworksBuildPhase;
			buildActionMask = 2147483647;
			files = (
				D5EA67791AA42EB600F2F5F0 /* UIKit.framework in Frameworks */,
				D5EA67771AA42EB100F2F5F0 /* SystemConfiguration.framework in Frameworks */,
				D5EA67751AA42EAA00F2F5F0 /* StoreKit.framework in Frameworks */,
				D5EA67821AA4364000F2F5F0 /* Fabric.framework in Frameworks */,
				D5EA67731AA42EA400F2F5F0 /* MediaPlayer.framework in Frameworks */,
				D5EA67711AA42E9E00F2F5F0 /* Foundation.framework in Frameworks */,
				D5EA676E1AA42E9900F2F5F0 /* EventKit.framework in Frameworks */,
				D5EA676F1AA42E9900F2F5F0 /* EventKitUI.framework in Frameworks */,
				D5EA676B1AA42E9400F2F5F0 /* CoreTelephony.framework in Frameworks */,
				D5EA67691AA42E8E00F2F5F0 /* CoreLocation.framework in Frameworks */,
				D5EA67671AA42E8800F2F5F0 /* AdSupport.framework in Frameworks */,
				D5EA66131AA42C9C00F2F5F0 /* CoreGraphics.framework in Frameworks */,
				D5EA67801AA4364000F2F5F0 /* TwitterKit.framework in Frameworks */,
				D5EA66111AA42C8600F2F5F0 /* QuartzCore.framework in Frameworks */,
				D5EA660F1AA42C7800F2F5F0 /* Social.framework in Frameworks */,
				D5EA660D1AA42C6900F2F5F0 /* Accounts.framework in Frameworks */,
			);
			runOnlyForDeploymentPostprocessing = 0;
		};
		D5EA65F31AA4280200F2F5F0 /* Frameworks */ = {
			isa = PBXFrameworksBuildPhase;
			buildActionMask = 2147483647;
			files = (
			);
			runOnlyForDeploymentPostprocessing = 0;
		};
/* End PBXFrameworksBuildPhase section */

/* Begin PBXGroup section */
		D5EA65D41AA4280200F2F5F0 = {
			isa = PBXGroup;
			children = (
				D5EA677D1AA4363F00F2F5F0 /* TwitterKit.framework */,
				D5EA677E1AA4363F00F2F5F0 /* TwitterKitResources.bundle */,
				D5EA677F1AA4364000F2F5F0 /* Fabric.framework */,
				D5EA677A1AA42EFD00F2F5F0 /* FrameWork */,
				D5EA66141AA42CCD00F2F5F0 /* Default-568h@2x.png */,
				D5EA66091AA42BB900F2F5F0 /* Images */,
				D5EA65DF1AA4280200F2F5F0 /* TwitterSearch */,
				D5EA65F91AA4280200F2F5F0 /* TwitterSearchTests */,
				D5EA65DE1AA4280200F2F5F0 /* Products */,
			);
			sourceTree = "<group>";
		};
		D5EA65DE1AA4280200F2F5F0 /* Products */ = {
			isa = PBXGroup;
			children = (
				D5EA65DD1AA4280200F2F5F0 /* TwitterSearch.app */,
				D5EA65F61AA4280200F2F5F0 /* TwitterSearchTests.xctest */,
			);
			name = Products;
			sourceTree = "<group>";
		};
		D5EA65DF1AA4280200F2F5F0 /* TwitterSearch */ = {
			isa = PBXGroup;
			children = (
				D5EA65E41AA4280200F2F5F0 /* AppDelegate.h */,
				D5EA65E51AA4280200F2F5F0 /* AppDelegate.m */,
				D5EA66061AA428DD00F2F5F0 /* LoginViewController.h */,
				D5EA66071AA428DD00F2F5F0 /* LoginViewController.m */,
				D5EA67831AA43D5000F2F5F0 /* TextFieldViewController.h */,
				D5EA67841AA43D5000F2F5F0 /* TextFieldViewController.m */,
				D5EA67861AA44BC600F2F5F0 /* ListViewController.h */,
				D5EA67871AA44BC600F2F5F0 /* ListViewController.m */,
				D5EA65E71AA4280200F2F5F0 /* ViewController.h */,
				D5EA65E81AA4280200F2F5F0 /* ViewController.m */,
				D5EA65EA1AA4280200F2F5F0 /* Main.storyboard */,
				D5EA65ED1AA4280200F2F5F0 /* Images.xcassets */,
				D5EA65EF1AA4280200F2F5F0 /* LaunchScreen.xib */,
				D5EA65E01AA4280200F2F5F0 /* Supporting Files */,
			);
			path = TwitterSearch;
			sourceTree = "<group>";
		};
		D5EA65E01AA4280200F2F5F0 /* Supporting Files */ = {
			isa = PBXGroup;
			children = (
				D5EA65E11AA4280200F2F5F0 /* Info.plist */,
				D5EA65E21AA4280200F2F5F0 /* main.m */,
			);
			name = "Supporting Files";
			sourceTree = "<group>";
		};
		D5EA65F91AA4280200F2F5F0 /* TwitterSearchTests */ = {
			isa = PBXGroup;
			children = (
				D5EA65FC1AA4280200F2F5F0 /* TwitterSearchTests.m */,
				D5EA65FA1AA4280200F2F5F0 /* Supporting Files */,
			);
			path = TwitterSearchTests;
			sourceTree = "<group>";
		};
		D5EA65FA1AA4280200F2F5F0 /* Supporting Files */ = {
			isa = PBXGroup;
			children = (
				D5EA65FB1AA4280200F2F5F0 /* Info.plist */,
			);
			name = "Supporting Files";
			sourceTree = "<group>";
		};
		D5EA66091AA42BB900F2F5F0 /* Images */ = {
			isa = PBXGroup;
			children = (
				D5EA660A1AA42BCC00F2F5F0 /* loginTwitter.png */,
				D5EA67891AA44C1500F2F5F0 /* back_12.png */,
			);
			name = Images;
			sourceTree = "<group>";
		};
		D5EA677A1AA42EFD00F2F5F0 /* FrameWork */ = {
			isa = PBXGroup;
			children = (
				D5EA66121AA42C9C00F2F5F0 /* CoreGraphics.framework */,
				D5EA66101AA42C8600F2F5F0 /* QuartzCore.framework */,
				D5EA660E1AA42C7800F2F5F0 /* Social.framework */,
				D5EA660C1AA42C6900F2F5F0 /* Accounts.framework */,
				D5EA67781AA42EB600F2F5F0 /* UIKit.framework */,
				D5EA67761AA42EB100F2F5F0 /* SystemConfiguration.framework */,
				D5EA67741AA42EAA00F2F5F0 /* StoreKit.framework */,
				D5EA67721AA42EA400F2F5F0 /* MediaPlayer.framework */,
				D5EA67701AA42E9E00F2F5F0 /* Foundation.framework */,
				D5EA676C1AA42E9900F2F5F0 /* EventKit.framework */,
				D5EA676D1AA42E9900F2F5F0 /* EventKitUI.framework */,
				D5EA676A1AA42E9400F2F5F0 /* CoreTelephony.framework */,
				D5EA67681AA42E8E00F2F5F0 /* CoreLocation.framework */,
				D5EA67661AA42E8800F2F5F0 /* AdSupport.framework */,
			);
			name = FrameWork;
			sourceTree = "<group>";
		};
/* End PBXGroup section */

/* Begin PBXNativeTarget section */
		D5EA65DC1AA4280200F2F5F0 /* TwitterSearch */ = {
			isa = PBXNativeTarget;
			buildConfigurationList = D5EA66001AA4280200F2F5F0 /* Build configuration list for PBXNativeTarget "TwitterSearch" */;
			buildPhases = (
				D5EA65D91AA4280200F2F5F0 /* Sources */,
				D5EA65DA1AA4280200F2F5F0 /* Frameworks */,
				D5EA65DB1AA4280200F2F5F0 /* Resources */,
				D5EA677B1AA435E000F2F5F0 /* ShellScript */,
			);
			buildRules = (
			);
			dependencies = (
			);
			name = TwitterSearch;
			productName = TwitterSearch;
			productReference = D5EA65DD1AA4280200F2F5F0 /* TwitterSearch.app */;
			productType = "com.apple.product-type.application";
		};
		D5EA65F51AA4280200F2F5F0 /* TwitterSearchTests */ = {
			isa = PBXNativeTarget;
			buildConfigurationList = D5EA66031AA4280200F2F5F0 /* Build configuration list for PBXNativeTarget "TwitterSearchTests" */;
			buildPhases = (
				D5EA65F21AA4280200F2F5F0 /* Sources */,
				D5EA65F31AA4280200F2F5F0 /* Frameworks */,
				D5EA65F41AA4280200F2F5F0 /* Resources */,
			);
			buildRules = (
			);
			dependencies = (
				D5EA65F81AA4280200F2F5F0 /* PBXTargetDependency */,
			);
			name = TwitterSearchTests;
			productName = TwitterSearchTests;
			productReference = D5EA65F61AA4280200F2F5F0 /* TwitterSearchTests.xctest */;
			productType = "com.apple.product-type.bundle.unit-test";
		};
/* End PBXNativeTarget section */

/* Begin PBXProject section */
		D5EA65D51AA4280200F2F5F0 /* Project object */ = {
			isa = PBXProject;
			attributes = {
				LastUpgradeCheck = 0610;
				ORGANIZATIONNAME = "Yogesh Tech";
				TargetAttributes = {
					D5EA65DC1AA4280200F2F5F0 = {
						CreatedOnToolsVersion = 6.1.1;
					};
					D5EA65F51AA4280200F2F5F0 = {
						CreatedOnToolsVersion = 6.1.1;
						TestTargetID = D5EA65DC1AA4280200F2F5F0;
					};
				};
			};
			buildConfigurationList = D5EA65D81AA4280200F2F5F0 /* Build configuration list for PBXProject "TwitterSearch" */;
			compatibilityVersion = "Xcode 3.2";
			developmentRegion = English;
			hasScannedForEncodings = 0;
			knownRegions = (
				en,
				Base,
			);
			mainGroup = D5EA65D41AA4280200F2F5F0;
			productRefGroup = D5EA65DE1AA4280200F2F5F0 /* Products */;
			projectDirPath = "";
			projectRoot = "";
			targets = (
				D5EA65DC1AA4280200F2F5F0 /* TwitterSearch */,
				D5EA65F51AA4280200F2F5F0 /* TwitterSearchTests */,
			);
		};
/* End PBXProject section */

/* Begin PBXResourcesBuildPhase section */
		D5EA65DB1AA4280200F2F5F0 /* Resources */ = {
			isa = PBXResourcesBuildPhase;
			buildActionMask = 2147483647;
			files = (
				D5EA65EC1AA4280200F2F5F0 /* Main.storyboard in Resources */,
				D5EA678A1AA44C1500F2F5F0 /* back_12.png in Resources */,
				D5EA65F11AA4280200F2F5F0 /* LaunchScreen.xib in Resources */,
				D5EA65EE1AA4280200F2F5F0 /* Images.xcassets in Resources */,
				D5EA66151AA42CCD00F2F5F0 /* Default-568h@2x.png in Resources */,
				D5EA67811AA4364000F2F5F0 /* TwitterKitResources.bundle in Resources */,
				D5EA660B1AA42BCC00F2F5F0 /* loginTwitter.png in Resources */,
			);
			runOnlyForDeploymentPostprocessing = 0;
		};
		D5EA65F41AA4280200F2F5F0 /* Resources */ = {
			isa = PBXResourcesBuildPhase;
			buildActionMask = 2147483647;
			files = (
			);
			runOnlyForDeploymentPostprocessing = 0;
		};
/* End PBXResourcesBuildPhase section */

/* Begin PBXShellScriptBuildPhase section */
		D5EA677B1AA435E000F2F5F0 /* ShellScript */ = {
			isa = PBXShellScriptBuildPhase;
			buildActionMask = 2147483647;
			files = (
			);
			inputPaths = (
			);
			outputPaths = (
			);
			runOnlyForDeploymentPostprocessing = 0;
			shellPath = /bin/sh;
			shellScript = "";
		};
/* End PBXShellScriptBuildPhase section */

/* Begin PBXSourcesBuildPhase section */
		D5EA65D91AA4280200F2F5F0 /* Sources */ = {
			isa = PBXSourcesBuildPhase;
			buildActionMask = 2147483647;
			files = (
				D5EA66081AA428DD00F2F5F0 /* LoginViewController.m in Sources */,
				D5EA65E91AA4280200F2F5F0 /* ViewController.m in Sources */,
				D5EA67881AA44BC600F2F5F0 /* ListViewController.m in Sources */,
				D5EA65E61AA4280200F2F5F0 /* AppDelegate.m in Sources */,
				D5EA65E31AA4280200F2F5F0 /* main.m in Sources */,
				D5EA67851AA43D5000F2F5F0 /* TextFieldViewController.m in Sources */,
			);
			runOnlyForDeploymentPostprocessing = 0;
		};
		D5EA65F21AA4280200F2F5F0 /* Sources */ = {
			isa = PBXSourcesBuildPhase;
			buildActionMask = 2147483647;
			files = (
				D5EA65FD1AA4280200F2F5F0 /* TwitterSearchTests.m in Sources */,
			);
			runOnlyForDeploymentPostprocessing = 0;
		};
/* End PBXSourcesBuildPhase section */

/* Begin PBXTargetDependency section */
		D5EA65F81AA4280200F2F5F0 /* PBXTargetDependency */ = {
			isa = PBXTargetDependency;
			target = D5EA65DC1AA4280200F2F5F0 /* TwitterSearch */;
			targetProxy = D5EA65F71AA4280200F2F5F0 /* PBXContainerItemProxy */;
		};
/* End PBXTargetDependency section */

/* Begin PBXVariantGroup section */
		D5EA65EA1AA4280200F2F5F0 /* Main.storyboard */ = {
			isa = PBXVariantGroup;
			children = (
				D5EA65EB1AA4280200F2F5F0 /* Base */,
			);
			name = Main.storyboard;
			sourceTree = "<group>";
		};
		D5EA65EF1AA4280200F2F5F0 /* LaunchScreen.xib */ = {
			isa = PBXVariantGroup;
			children = (
				D5EA65F01AA4280200F2F5F0 /* Base */,
			);
			name = LaunchScreen.xib;
			sourceTree = "<group>";
		};
/* End PBXVariantGroup section */

/* Begin XCBuildConfiguration section */
		D5EA65FE1AA4280200F2F5F0 /* Debug */ = {
			isa = XCBuildConfiguration;
			buildSettings = {
				ALWAYS_SEARCH_USER_PATHS = NO;
				CLANG_CXX_LANGUAGE_STANDARD = "gnu++0x";
				CLANG_CXX_LIBRARY = "libc++";
				CLANG_ENABLE_MODULES = YES;
				CLANG_ENABLE_OBJC_ARC = YES;
				CLANG_WARN_BOOL_CONVERSION = YES;
				CLANG_WARN_CONSTANT_CONVERSION = YES;
				CLANG_WARN_DIRECT_OBJC_ISA_USAGE = YES_ERROR;
				CLANG_WARN_EMPTY_BODY = YES;
				CLANG_WARN_ENUM_CONVERSION = YES;
				CLANG_WARN_INT_CONVERSION = YES;
				CLANG_WARN_OBJC_ROOT_CLASS = YES_ERROR;
				CLANG_WARN_UNREACHABLE_CODE = YES;
				CLANG_WARN__DUPLICATE_METHOD_MATCH = YES;
				"CODE_SIGN_IDENTITY[sdk=iphoneos*]" = "iPhone Developer";
				COPY_PHASE_STRIP = NO;
				ENABLE_STRICT_OBJC_MSGSEND = YES;
				GCC_C_LANGUAGE_STANDARD = gnu99;
				GCC_DYNAMIC_NO_PIC = NO;
				GCC_OPTIMIZATION_LEVEL = 0;
				GCC_PREPROCESSOR_DEFINITIONS = (
					"DEBUG=1",
					"$(inherited)",
				);
				GCC_SYMBOLS_PRIVATE_EXTERN = NO;
				GCC_WARN_64_TO_32_BIT_CONVERSION = YES;
				GCC_WARN_ABOUT_RETURN_TYPE = YES_ERROR;
				GCC_WARN_UNDECLARED_SELECTOR = YES;
				GCC_WARN_UNINITIALIZED_AUTOS = YES_AGGRESSIVE;
				GCC_WARN_UNUSED_FUNCTION = YES;
				GCC_WARN_UNUSED_VARIABLE = YES;
				IPHONEOS_DEPLOYMENT_TARGET = 8.1;
				MTL_ENABLE_DEBUG_INFO = YES;
				ONLY_ACTIVE_ARCH = YES;
				SDKROOT = iphoneos;
			};
			name = Debug;
		};
		D5EA65FF1AA4280200F2F5F0 /* Release */ = {
			isa = XCBuildConfiguration;
			buildSettings = {
				ALWAYS_SEARCH_USER_PATHS = NO;
				CLANG_CXX_LANGUAGE_STANDARD = "gnu++0x";
				CLANG_CXX_LIBRARY = "libc++";
				CLANG_ENABLE_MODULES = YES;
				CLANG_ENABLE_OBJC_ARC = YES;
				CLANG_WARN_BOOL_CONVERSION = YES;
				CLANG_WARN_CONSTANT_CONVERSION = YES;
				CLANG_WARN_DIRECT_OBJC_ISA_USAGE = YES_ERROR;
				CLANG_WARN_EMPTY_BODY = YES;
				CLANG_WARN_ENUM_CONVERSION = YES;
				CLANG_WARN_INT_CONVERSION = YES;
				CLANG_WARN_OBJC_ROOT_CLASS = YES_ERROR;
				CLANG_WARN_UNREACHABLE_CODE = YES;
				CLANG_WARN__DUPLICATE_METHOD_MATCH = YES;
				"CODE_SIGN_IDENTITY[sdk=iphoneos*]" = "iPhone Developer";
				COPY_PHASE_STRIP = YES;
				ENABLE_NS_ASSERTIONS = NO;
				ENABLE_STRICT_OBJC_MSGSEND = YES;
				GCC_C_LANGUAGE_STANDARD = gnu99;
				GCC_WARN_64_TO_32_BIT_CONVERSION = YES;
				GCC_WARN_ABOUT_RETURN_TYPE = YES_ERROR;
				GCC_WARN_UNDECLARED_SELECTOR = YES;
				GCC_WARN_UNINITIALIZED_AUTOS = YES_AGGRESSIVE;
				GCC_WARN_UNUSED_FUNCTION = YES;
				GCC_WARN_UNUSED_VARIABLE = YES;
				IPHONEOS_DEPLOYMENT_TARGET = 8.1;
				MTL_ENABLE_DEBUG_INFO = NO;
				SDKROOT = iphoneos;
				VALIDATE_PRODUCT = YES;
			};
			name = Release;
		};
		D5EA66011AA4280200F2F5F0 /* Debug */ = {
			isa = XCBuildConfiguration;
			buildSettings = {
				ASSETCATALOG_COMPILER_APPICON_NAME = AppIcon;
				FRAMEWORK_SEARCH_PATHS = (
					"$(inherited)",
					"$(PROJECT_DIR)",
				);
				INFOPLIST_FILE = TwitterSearch/Info.plist;
				LD_RUNPATH_SEARCH_PATHS = "$(inherited) @executable_path/Frameworks";
				PRODUCT_NAME = "$(TARGET_NAME)";
			};
			name = Debug;
		};
		D5EA66021AA4280200F2F5F0 /* Release */ = {
			isa = XCBuildConfiguration;
			buildSettings = {
				ASSETCATALOG_COMPILER_APPICON_NAME = AppIcon;
				FRAMEWORK_SEARCH_PATHS = (
					"$(inherited)",
					"$(PROJECT_DIR)",
				);
				INFOPLIST_FILE = TwitterSearch/Info.plist;
				LD_RUNPATH_SEARCH_PATHS = "$(inherited) @executable_path/Frameworks";
				PRODUCT_NAME = "$(TARGET_NAME)";
			};
			name = Release;
		};
		D5EA66041AA4280200F2F5F0 /* Debug */ = {
			isa = XCBuildConfiguration;
			buildSettings = {
				BUNDLE_LOADER = "$(TEST_HOST)";
				FRAMEWORK_SEARCH_PATHS = (
					"$(SDKROOT)/Developer/Library/Frameworks",
					"$(inherited)",
				);
				GCC_PREPROCESSOR_DEFINITIONS = (
					"DEBUG=1",
					"$(inherited)",
				);
				INFOPLIST_FILE = TwitterSearchTests/Info.plist;
				LD_RUNPATH_SEARCH_PATHS = "$(inherited) @executable_path/Frameworks @loader_path/Frameworks";
				PRODUCT_NAME = "$(TARGET_NAME)";
				TEST_HOST = "$(BUILT_PRODUCTS_DIR)/TwitterSearch.app/TwitterSearch";
			};
			name = Debug;
		};
		D5EA66051AA4280200F2F5F0 /* Release */ = {
			isa = XCBuildConfiguration;
			buildSettings = {
				BUNDLE_LOADER = "$(TEST_HOST)";
				FRAMEWORK_SEARCH_PATHS = (
					"$(SDKROOT)/Developer/Library/Frameworks",
					"$(inherited)",
				);
				INFOPLIST_FILE = TwitterSearchTests/Info.plist;
				LD_RUNPATH_SEARCH_PATHS = "$(inherited) @executable_path/Frameworks @loader_path/Frameworks";
				PRODUCT_NAME = "$(TARGET_NAME)";
				TEST_HOST = "$(BUILT_PRODUCTS_DIR)/TwitterSearch.app/TwitterSearch";
			};
			name = Release;
		};
/* End XCBuildConfiguration section */

/* Begin XCConfigurationList section */
		D5EA65D81AA4280200F2F5F0 /* Build configuration list for PBXProject "TwitterSearch" */ = {
			isa = XCConfigurationList;
			buildConfigurations = (
				D5EA65FE1AA4280200F2F5F0 /* Debug */,
				D5EA65FF1AA4280200F2F5F0 /* Release */,
			);
			defaultConfigurationIsVisible = 0;
			defaultConfigurationName = Release;
		};
		D5EA66001AA4280200F2F5F0 /* Build configuration list for PBXNativeTarget "TwitterSearch" */ = {
			isa = XCConfigurationList;
			buildConfigurations = (
				D5EA66011AA4280200F2F5F0 /* Debug */,
				D5EA66021AA4280200F2F5F0 /* Release */,
			);
			defaultConfigurationIsVisible = 0;
			defaultConfigurationName = Release;
		};
		D5EA66031AA4280200F2F5F0 /* Build configuration list for PBXNativeTarget "TwitterSearchTests" */ = {
			isa = XCConfigurationList;
			buildConfigurations = (
				D5EA66041AA4280200F2F5F0 /* Debug */,
				D5EA66051AA4280200F2F5F0 /* Release */,
			);
			defaultConfigurationIsVisible = 0;
			defaultConfigurationName = Release;
		};
/* End XCConfigurationList section */
	};
	rootObject = D5EA65D51AA4280200F2F5F0 /* Project object */;
}
